
Microsoft Visual Studio Solution File, Format Version 12.00
# Visual Studio Version 17
VisualStudioVersion = 17.12.35323.107
MinimumVisualStudioVersion = 10.0.40219.1
Project("{9A19103F-16F7-4668-BE54-9A1E7A4F7556}") = "DiscordBotDotNet", "DiscordBotDotNet\DiscordBotDotNet.csproj", "{77795918-472B-4C52-8938-6D8C92BD5C59}"
EndProject
Global
	GlobalSection(SolutionConfigurationPlatforms) = preSolution
		Debug|Any CPU = Debug|Any CPU
		Release|Any CPU = Release|Any CPU
	EndGlobalSection
	GlobalSection(ProjectConfigurationPlatforms) = postSolution
		{77795918-472B-4C52-8938-6D8C92BD5C59}.Debug|Any CPU.ActiveCfg = Debug|Any CPU
		{77795918-472B-4C52-8938-6D8C92BD5C59}.Debug|Any CPU.Build.0 = Debug|Any CPU
		{77795918-472B-4C52-8938-6D8C92BD5C59}.Release|Any CPU.ActiveCfg = Release|Any CPU
		{77795918-472B-4C52-8938-6D8C92BD5C59}.Release|Any CPU.Build.0 = Release|Any CPU
	EndGlobalSection
	GlobalSection(SolutionProperties) = preSolution
		HideSolutionNode = FALSE
	EndGlobalSection
	GlobalSection(ExtensibilityGlobals) = postSolution
		SolutionGuid = {E0EC96C4-BB9E-492F-8A00-75DE471A15EE}
	EndGlobalSection
EndGlobal
